
Microsoft Visual Studio Solution File, Format Version 12.00
# Visual Studio Version 17
VisualStudioVersion = 17.5.33502.453
MinimumVisualStudioVersion = 10.0.40219.1
Project("{D2ABAB84-BF74-430A-B69E-9DC6D40DDA17}") = "StoreSalesOLAP", "StoreSalesOLAP\StoreSalesOLAP.dwproj", "{5F2EA4FA-BD93-47AA-BF3B-C80EAC74E72C}"
EndProject
Global
	GlobalSection(SolutionConfigurationPlatforms) = preSolution
		Development|Default = Development|Default
	EndGlobalSection
	GlobalSection(ProjectConfigurationPlatforms) = postSolution
		{5F2EA4FA-BD93-47AA-BF3B-C80EAC74E72C}.Development|Default.ActiveCfg = Development
		{5F2EA4FA-BD93-47AA-BF3B-C80EAC74E72C}.Development|Default.Build.0 = Development
		{5F2EA4FA-BD93-47AA-BF3B-C80EAC74E72C}.Development|Default.Deploy.0 = Development
	EndGlobalSection
	GlobalSection(SolutionProperties) = preSolution
		HideSolutionNode = FALSE
	EndGlobalSection
	GlobalSection(ExtensibilityGlobals) = postSolution
		SolutionGuid = {F559D6FF-A80A-41E7-BF4C-1CB6DE840DD6}
	EndGlobalSection
EndGlobal
